
Microsoft Visual Studio Solution File, Format Version 12.00
# Visual Studio Version 17
VisualStudioVersion = 17.5.33516.290
MinimumVisualStudioVersion = 10.0.40219.1
Project("{FAE04EC0-301F-11D3-BF4B-00C04F79EFBC}") = "AsyncProgrammingInC#", "AsyncProgrammingInC#\AsyncProgrammingInC#.csproj", "{198B577F-8CC6-4E42-A418-7B1EB38A108A}"
EndProject
Global
	GlobalSection(SolutionConfigurationPlatforms) = preSolution
		Debug|Any CPU = Debug|Any CPU
		Release|Any CPU = Release|Any CPU
	EndGlobalSection
	GlobalSection(ProjectConfigurationPlatforms) = postSolution
		{198B577F-8CC6-4E42-A418-7B1EB38A108A}.Debug|Any CPU.ActiveCfg = Debug|Any CPU
		{198B577F-8CC6-4E42-A418-7B1EB38A108A}.Debug|Any CPU.Build.0 = Debug|Any CPU
		{198B577F-8CC6-4E42-A418-7B1EB38A108A}.Release|Any CPU.ActiveCfg = Release|Any CPU
		{198B577F-8CC6-4E42-A418-7B1EB38A108A}.Release|Any CPU.Build.0 = Release|Any CPU
	EndGlobalSection
	GlobalSection(SolutionProperties) = preSolution
		HideSolutionNode = FALSE
	EndGlobalSection
	GlobalSection(ExtensibilityGlobals) = postSolution
		SolutionGuid = {7C11DE95-D7D1-4DD5-9A56-16D1CED5BE56}
	EndGlobalSection
EndGlobal
